# THIS IS AN AUTOGENERATED FILE. DO NOT EDIT THIS FILE DIRECTLY.
# yarn lockfile v1


"@babel/parser@^7.16.4":
  version "7.20.0"
  resolved "https://registry.npmjs.org/@babel/parser/-/parser-7.20.0.tgz"

"@esbuild/android-arm@0.15.12":
  version "0.15.12"
  resolved "https://registry.yarnpkg.com/@esbuild/android-arm/-/android-arm-0.15.12.tgz#e548b10a5e55b9e10537a049ebf0bc72c453b769"

"@esbuild/linux-loong64@0.15.12":
  version "0.15.12"
  resolved "https://registry.yarnpkg.com/@esbuild/linux-loong64/-/linux-loong64-0.15.12.tgz#475b33a2631a3d8ca8aa95ee127f9a61d95bf9c1"

"@vitejs/plugin-vue@^3.2.0":
  version "3.2.0"
  resolved "https://registry.npmjs.org/@vitejs/plugin-vue/-/plugin-vue-3.2.0.tgz"

"@vue/compiler-core@3.2.41":
  version "3.2.41"
  resolved "https://registry.npmjs.org/@vue/compiler-core/-/compiler-core-3.2.41.tgz"
  dependencies:
    "@babel/parser" "^7.16.4"
    "@vue/shared" "3.2.41"
    estree-walker "^2.0.2"
    source-map "^0.6.1"

"@vue/compiler-dom@3.2.41":
  version "3.2.41"
  resolved "https://registry.npmjs.org/@vue/compiler-dom/-/compiler-dom-3.2.41.tgz"
  dependencies:
    "@vue/compiler-core" "3.2.41"
    "@vue/shared" "3.2.41"

"@vue/compiler-sfc@3.2.41":
  version "3.2.41"
  resolved "https://registry.npmjs.org/@vue/compiler-sfc/-/compiler-sfc-3.2.41.tgz"
  dependencies:
    "@babel/parser" "^7.16.4"
    "@vue/compiler-core" "3.2.41"
    "@vue/compiler-dom" "3.2.41"
    "@vue/compiler-ssr" "3.2.41"
    "@vue/reactivity-transform" "3.2.41"
    "@vue/shared" "3.2.41"
    estree-walker "^2.0.2"
    magic-string "^0.25.7"
    postcss "^8.1.10"
    source-map "^0.6.1"

"@vue/compiler-ssr@3.2.41":
  version "3.2.41"
  resolved "https://registry.npmjs.org/@vue/compiler-ssr/-/compiler-ssr-3.2.41.tgz"
  dependencies:
    "@vue/compiler-dom" "3.2.41"
    "@vue/shared" "3.2.41"

"@vue/reactivity-transform@3.2.41":
  version "3.2.41"
  resolved "https://registry.npmjs.org/@vue/reactivity-transform/-/reactivity-transform-3.2.41.tgz"
  dependencies:
    "@babel/parser" "^7.16.4"
    "@vue/compiler-core" "3.2.41"
    "@vue/shared" "3.2.41"
    estree-walker "^2.0.2"
    magic-string "^0.25.7"

"@vue/reactivity@3.2.41":
  version "3.2.41"
  resolved "https://registry.npmjs.org/@vue/reactivity/-/reactivity-3.2.41.tgz"
  dependencies:
    "@vue/shared" "3.2.41"

"@vue/runtime-core@3.2.41":
  version "3.2.41"
  resolved "https://registry.npmjs.org/@vue/runtime-core/-/runtime-core-3.2.41.tgz"
  dependencies:
    "@vue/reactivity" "3.2.41"
    "@vue/shared" "3.2.41"

"@vue/runtime-dom@3.2.41":
  version "3.2.41"
  resolved "https://registry.npmjs.org/@vue/runtime-dom/-/runtime-dom-3.2.41.tgz"
  dependencies:
    "@vue/runtime-core" "3.2.41"
    "@vue/shared" "3.2.41"
    csstype "^2.6.8"

"@vue/server-renderer@3.2.41":
  version "3.2.41"
  resolved "https://registry.npmjs.org/@vue/server-renderer/-/server-renderer-3.2.41.tgz"
  dependencies:
    "@vue/compiler-ssr" "3.2.41"
    "@vue/shared" "3.2.41"

"@vue/shared@3.2.41":
  version "3.2.41"
  resolved "https://registry.npmjs.org/@vue/shared/-/shared-3.2.41.tgz"

csstype@^2.6.8:
  version "2.6.21"
  resolved "https://registry.npmjs.org/csstype/-/csstype-2.6.21.tgz"

esbuild-android-64@0.15.12:
  version "0.15.12"
  resolved "https://registry.yarnpkg.com/esbuild-android-64/-/esbuild-android-64-0.15.12.tgz#5e8151d5f0a748c71a7fbea8cee844ccf008e6fc"

esbuild-android-arm64@0.15.12:
  version "0.15.12"
  resolved "https://registry.yarnpkg.com/esbuild-android-arm64/-/esbuild-android-arm64-0.15.12.tgz#5ee72a6baa444bc96ffcb472a3ba4aba2cc80666"

esbuild-darwin-64@0.15.12:
  version "0.15.12"
  resolved "https://registry.yarnpkg.com/esbuild-darwin-64/-/esbuild-darwin-64-0.15.12.tgz#70047007e093fa1b3ba7ef86f9b3fa63db51fe25"

esbuild-darwin-arm64@0.15.12:
  version "0.15.12"
  resolved "https://registry.yarnpkg.com/esbuild-darwin-arm64/-/esbuild-darwin-arm64-0.15.12.tgz#41c951f23d9a70539bcca552bae6e5196696ae04"

esbuild-freebsd-64@0.15.12:
  version "0.15.12"
  resolved "https://registry.yarnpkg.com/esbuild-freebsd-64/-/esbuild-freebsd-64-0.15.12.tgz#a761b5afd12bbedb7d56c612e9cfa4d2711f33f0"

esbuild-freebsd-arm64@0.15.12:
  version "0.15.12"
  resolved "https://registry.yarnpkg.com/esbuild-freebsd-arm64/-/esbuild-freebsd-arm64-0.15.12.tgz#6b0839d4d58deabc6cbd96276eb8cbf94f7f335e"

esbuild-linux-32@0.15.12:
  version "0.15.12"
  resolved "https://registry.yarnpkg.com/esbuild-linux-32/-/esbuild-linux-32-0.15.12.tgz#bd50bfe22514d434d97d5150977496e2631345b4"

esbuild-linux-64@0.15.12:
  version "0.15.12"
  resolved "https://registry.yarnpkg.com/esbuild-linux-64/-/esbuild-linux-64-0.15.12.tgz#074bb2b194bf658245f8490f29c01ffcdfa8c931"

esbuild-linux-arm64@0.15.12:
  version "0.15.12"
  resolved "https://registry.yarnpkg.com/esbuild-linux-arm64/-/esbuild-linux-arm64-0.15.12.tgz#3bf789c4396dc032875a122988efd6f3733f28f5"

esbuild-linux-arm@0.15.12:
  version "0.15.12"
  resolved "https://registry.yarnpkg.com/esbuild-linux-arm/-/esbuild-linux-arm-0.15.12.tgz#b91b5a8d470053f6c2c9c8a5e67ec10a71fe4a67"

esbuild-linux-mips64le@0.15.12:
  version "0.15.12"
  resolved "https://registry.yarnpkg.com/esbuild-linux-mips64le/-/esbuild-linux-mips64le-0.15.12.tgz#2fb54099ada3c950a7536dfcba46172c61e580e2"

esbuild-linux-ppc64le@0.15.12:
  version "0.15.12"
  resolved "https://registry.yarnpkg.com/esbuild-linux-ppc64le/-/esbuild-linux-ppc64le-0.15.12.tgz#9e3b8c09825fb27886249dfb3142a750df29a1b7"

esbuild-linux-riscv64@0.15.12:
  version "0.15.12"
  resolved "https://registry.yarnpkg.com/esbuild-linux-riscv64/-/esbuild-linux-riscv64-0.15.12.tgz#923d0f5b6e12ee0d1fe116b08e4ae4478fe40693"

esbuild-linux-s390x@0.15.12:
  version "0.15.12"
  resolved "https://registry.yarnpkg.com/esbuild-linux-s390x/-/esbuild-linux-s390x-0.15.12.tgz#3b1620220482b96266a0c6d9d471d451a1eab86f"

esbuild-netbsd-64@0.15.12:
  version "0.15.12"
  resolved "https://registry.yarnpkg.com/esbuild-netbsd-64/-/esbuild-netbsd-64-0.15.12.tgz#276730f80da646859b1af5a740e7802d8cd73e42"

esbuild-openbsd-64@0.15.12:
  version "0.15.12"
  resolved "https://registry.yarnpkg.com/esbuild-openbsd-64/-/esbuild-openbsd-64-0.15.12.tgz#bd0eea1dd2ca0722ed489d88c26714034429f8ae"

esbuild-sunos-64@0.15.12:
  version "0.15.12"
  resolved "https://registry.yarnpkg.com/esbuild-sunos-64/-/esbuild-sunos-64-0.15.12.tgz#5e56bf9eef3b2d92360d6d29dcde7722acbecc9e"

esbuild-windows-32@0.15.12:
  version "0.15.12"
  resolved "https://registry.yarnpkg.com/esbuild-windows-32/-/esbuild-windows-32-0.15.12.tgz#a4f1a301c1a2fa7701fcd4b91ef9d2620cf293d0"

esbuild-windows-64@0.15.12:
  version "0.15.12"
  resolved "https://registry.npmjs.org/esbuild-windows-64/-/esbuild-windows-64-0.15.12.tgz"

esbuild-windows-arm64@0.15.12:
  version "0.15.12"
  resolved "https://registry.yarnpkg.com/esbuild-windows-arm64/-/esbuild-windows-arm64-0.15.12.tgz#9a7266404334a86be800957eaee9aef94c3df328"

esbuild@^0.15.9:
  version "0.15.12"
  resolved "https://registry.npmjs.org/esbuild/-/esbuild-0.15.12.tgz"
  optionalDependencies:
    "@esbuild/android-arm" "0.15.12"
    "@esbuild/linux-loong64" "0.15.12"
    esbuild-android-64 "0.15.12"
    esbuild-android-arm64 "0.15.12"
    esbuild-darwin-64 "0.15.12"
    esbuild-darwin-arm64 "0.15.12"
    esbuild-freebsd-64 "0.15.12"
    esbuild-freebsd-arm64 "0.15.12"
    esbuild-linux-32 "0.15.12"
    esbuild-linux-64 "0.15.12"
    esbuild-linux-arm "0.15.12"
    esbuild-linux-arm64 "0.15.12"
    esbuild-linux-mips64le "0.15.12"
    esbuild-linux-ppc64le "0.15.12"
    esbuild-linux-riscv64 "0.15.12"
    esbuild-linux-s390x "0.15.12"
    esbuild-netbsd-64 "0.15.12"
    esbuild-openbsd-64 "0.15.12"
    esbuild-sunos-64 "0.15.12"
    esbuild-windows-32 "0.15.12"
    esbuild-windows-64 "0.15.12"
    esbuild-windows-arm64 "0.15.12"

estree-walker@^2.0.2:
  version "2.0.2"
  resolved "https://registry.npmjs.org/estree-walker/-/estree-walker-2.0.2.tgz"

fsevents@~2.3.2:
  version "2.3.2"
  resolved "https://registry.yarnpkg.com/fsevents/-/fsevents-2.3.2.tgz#8a526f78b8fdf4623b709e0b975c52c24c02fd1a"

function-bind@^1.1.1:
  version "1.1.1"
  resolved "https://registry.npmjs.org/function-bind/-/function-bind-1.1.1.tgz"

has@^1.0.3:
  version "1.0.3"
  resolved "https://registry.npmjs.org/has/-/has-1.0.3.tgz"
  dependencies:
    function-bind "^1.1.1"

is-core-module@^2.9.0:
  version "2.11.0"
  resolved "https://registry.npmjs.org/is-core-module/-/is-core-module-2.11.0.tgz"
  dependencies:
    has "^1.0.3"

magic-string@^0.25.7:
  version "0.25.9"
  resolved "https://registry.npmjs.org/magic-string/-/magic-string-0.25.9.tgz"
  dependencies:
    sourcemap-codec "^1.4.8"

nanoid@^3.3.4:
  version "3.3.4"
  resolved "https://registry.npmjs.org/nanoid/-/nanoid-3.3.4.tgz"

path-parse@^1.0.7:
  version "1.0.7"
  resolved "https://registry.npmjs.org/path-parse/-/path-parse-1.0.7.tgz"

picocolors@^1.0.0:
  version "1.0.0"
  resolved "https://registry.npmjs.org/picocolors/-/picocolors-1.0.0.tgz"

postcss@^8.1.10, postcss@^8.4.18:
  version "8.4.18"
  resolved "https://registry.npmjs.org/postcss/-/postcss-8.4.18.tgz"
  dependencies:
    nanoid "^3.3.4"
    picocolors "^1.0.0"
    source-map-js "^1.0.2"

resolve@^1.22.1:
  version "1.22.1"
  resolved "https://registry.npmjs.org/resolve/-/resolve-1.22.1.tgz"
  dependencies:
    is-core-module "^2.9.0"
    path-parse "^1.0.7"
    supports-preserve-symlinks-flag "^1.0.0"

rollup@^2.79.1:
  version "2.79.1"
  resolved "https://registry.npmjs.org/rollup/-/rollup-2.79.1.tgz"
  optionalDependencies:
    fsevents "~2.3.2"

source-map-js@^1.0.2:
  version "1.0.2"
  resolved "https://registry.npmjs.org/source-map-js/-/source-map-js-1.0.2.tgz"

source-map@^0.6.1:
  version "0.6.1"
  resolved "https://registry.npmjs.org/source-map/-/source-map-0.6.1.tgz"

sourcemap-codec@^1.4.8:
  version "1.4.8"
  resolved "https://registry.npmjs.org/sourcemap-codec/-/sourcemap-codec-1.4.8.tgz"

supports-preserve-symlinks-flag@^1.0.0:
  version "1.0.0"
  resolved "https://registry.npmjs.org/supports-preserve-symlinks-flag/-/supports-preserve-symlinks-flag-1.0.0.tgz"

vite@^3.2.4:
  version "3.2.4"
  resolved "https://registry.yarnpkg.com/vite/-/vite-3.2.4.tgz#d8c7892dd4268064e04fffbe7d866207dd24166e"
  dependencies:
    esbuild "^0.15.9"
    postcss "^8.4.18"
    resolve "^1.22.1"
    rollup "^2.79.1"
  optionalDependencies:
    fsevents "~2.3.2"

vue@^3.2.41:
  version "3.2.41"
  resolved "https://registry.npmjs.org/vue/-/vue-3.2.41.tgz"
  dependencies:
    "@vue/compiler-dom" "3.2.41"
    "@vue/compiler-sfc" "3.2.41"
    "@vue/runtime-dom" "3.2.41"
    "@vue/server-renderer" "3.2.41"
    "@vue/shared" "3.2.41"
